
Microsoft Visual Studio Solution File, Format Version 12.00
# Visual Studio 15
VisualStudioVersion = 15.0.28307.572
MinimumVisualStudioVersion = 10.0.40219.1
Project("{FAE04EC0-301F-11D3-BF4B-00C04F79EFBC}") = "KLoveCompanyCRUD", "KLoveCompanyCRUD\KLoveCompanyCRUD.csproj", "{6F0EB3B7-FED1-4993-A109-A1B14D5BEC6A}"
EndProject
Global
	GlobalSection(SolutionConfigurationPlatforms) = preSolution
		Debug|Any CPU = Debug|Any CPU
		Release|Any CPU = Release|Any CPU
	EndGlobalSection
	GlobalSection(ProjectConfigurationPlatforms) = postSolution
		{6F0EB3B7-FED1-4993-A109-A1B14D5BEC6A}.Debug|Any CPU.ActiveCfg = Debug|Any CPU
		{6F0EB3B7-FED1-4993-A109-A1B14D5BEC6A}.Debug|Any CPU.Build.0 = Debug|Any CPU
		{6F0EB3B7-FED1-4993-A109-A1B14D5BEC6A}.Release|Any CPU.ActiveCfg = Release|Any CPU
		{6F0EB3B7-FED1-4993-A109-A1B14D5BEC6A}.Release|Any CPU.Build.0 = Release|Any CPU
	EndGlobalSection
	GlobalSection(SolutionProperties) = preSolution
		HideSolutionNode = FALSE
	EndGlobalSection
	GlobalSection(ExtensibilityGlobals) = postSolution
		SolutionGuid = {20BFB1E7-4753-4AC3-B7E8-102E92A8E84E}
	EndGlobalSection
EndGlobal
